
Microsoft Visual Studio Solution File, Format Version 12.00
# Visual Studio 14
VisualStudioVersion = 14.0.25420.1
MinimumVisualStudioVersion = 10.0.40219.1
Project("{FAE04EC0-301F-11D3-BF4B-00C04F79EFBC}") = "Microservices.Clientes.API", "Microservices.Clientes.API\Microservices.Clientes.API.csproj", "{11E79AD9-B606-46B6-9FD8-560C41C7A3D8}"
EndProject
Project("{FAE04EC0-301F-11D3-BF4B-00C04F79EFBC}") = "Microservices.Produtos.API", "Microservices.Produtos.API\Microservices.Produtos.API.csproj", "{12139D92-E211-4969-B519-D5800012B99B}"
EndProject
Project("{FAE04EC0-301F-11D3-BF4B-00C04F79EFBC}") = "Microservices.Domain", "Microservices.Entities\Microservices.Domain.csproj", "{60B3DFB0-852A-41B4-984C-B02128C919BB}"
EndProject
Project("{FAE04EC0-301F-11D3-BF4B-00C04F79EFBC}") = "Microservices.Service", "Microservices.Service\Microservices.Service.csproj", "{DF04B113-0E59-43CE-B971-844D61912806}"
EndProject
Global
	GlobalSection(SolutionConfigurationPlatforms) = preSolution
		Debug|Any CPU = Debug|Any CPU
		Release|Any CPU = Release|Any CPU
	EndGlobalSection
	GlobalSection(ProjectConfigurationPlatforms) = postSolution
		{11E79AD9-B606-46B6-9FD8-560C41C7A3D8}.Debug|Any CPU.ActiveCfg = Debug|Any CPU
		{11E79AD9-B606-46B6-9FD8-560C41C7A3D8}.Debug|Any CPU.Build.0 = Debug|Any CPU
		{11E79AD9-B606-46B6-9FD8-560C41C7A3D8}.Release|Any CPU.ActiveCfg = Release|Any CPU
		{11E79AD9-B606-46B6-9FD8-560C41C7A3D8}.Release|Any CPU.Build.0 = Release|Any CPU
		{12139D92-E211-4969-B519-D5800012B99B}.Debug|Any CPU.ActiveCfg = Debug|Any CPU
		{12139D92-E211-4969-B519-D5800012B99B}.Debug|Any CPU.Build.0 = Debug|Any CPU
		{12139D92-E211-4969-B519-D5800012B99B}.Release|Any CPU.ActiveCfg = Release|Any CPU
		{12139D92-E211-4969-B519-D5800012B99B}.Release|Any CPU.Build.0 = Release|Any CPU
		{60B3DFB0-852A-41B4-984C-B02128C919BB}.Debug|Any CPU.ActiveCfg = Debug|Any CPU
		{60B3DFB0-852A-41B4-984C-B02128C919BB}.Debug|Any CPU.Build.0 = Debug|Any CPU
		{60B3DFB0-852A-41B4-984C-B02128C919BB}.Release|Any CPU.ActiveCfg = Release|Any CPU
		{60B3DFB0-852A-41B4-984C-B02128C919BB}.Release|Any CPU.Build.0 = Release|Any CPU
		{DF04B113-0E59-43CE-B971-844D61912806}.Debug|Any CPU.ActiveCfg = Debug|Any CPU
		{DF04B113-0E59-43CE-B971-844D61912806}.Debug|Any CPU.Build.0 = Debug|Any CPU
		{DF04B113-0E59-43CE-B971-844D61912806}.Release|Any CPU.ActiveCfg = Release|Any CPU
		{DF04B113-0E59-43CE-B971-844D61912806}.Release|Any CPU.Build.0 = Release|Any CPU
	EndGlobalSection
	GlobalSection(SolutionProperties) = preSolution
		HideSolutionNode = FALSE
	EndGlobalSection
EndGlobal
